
Microsoft Visual Studio Solution File, Format Version 12.00
# Visual Studio 2013
VisualStudioVersion = 12.0.30324.0
MinimumVisualStudioVersion = 10.0.40219.1
Project("{FAE04EC0-301F-11D3-BF4B-00C04F79EFBC}") = "Orgchart.Web", "Orgchart.Web\Orgchart.Web.csproj", "{69DAF0DE-2452-4947-96ED-1449630C020B}"
EndProject
Project("{FAE04EC0-301F-11D3-BF4B-00C04F79EFBC}") = "Orgchart.Web.Tests", "Orgchart.Web.Tests\Orgchart.Web.Tests.csproj", "{D4DFBC5D-9DF8-489E-9FCA-BDFD2499B06F}"
EndProject
Global
	GlobalSection(SolutionConfigurationPlatforms) = preSolution
		Debug|Any CPU = Debug|Any CPU
		Release|Any CPU = Release|Any CPU
	EndGlobalSection
	GlobalSection(ProjectConfigurationPlatforms) = postSolution
		{69DAF0DE-2452-4947-96ED-1449630C020B}.Debug|Any CPU.ActiveCfg = Debug|Any CPU
		{69DAF0DE-2452-4947-96ED-1449630C020B}.Debug|Any CPU.Build.0 = Debug|Any CPU
		{69DAF0DE-2452-4947-96ED-1449630C020B}.Release|Any CPU.ActiveCfg = Release|Any CPU
		{69DAF0DE-2452-4947-96ED-1449630C020B}.Release|Any CPU.Build.0 = Release|Any CPU
		{D4DFBC5D-9DF8-489E-9FCA-BDFD2499B06F}.Debug|Any CPU.ActiveCfg = Debug|Any CPU
		{D4DFBC5D-9DF8-489E-9FCA-BDFD2499B06F}.Debug|Any CPU.Build.0 = Debug|Any CPU
		{D4DFBC5D-9DF8-489E-9FCA-BDFD2499B06F}.Release|Any CPU.ActiveCfg = Release|Any CPU
		{D4DFBC5D-9DF8-489E-9FCA-BDFD2499B06F}.Release|Any CPU.Build.0 = Release|Any CPU
	EndGlobalSection
	GlobalSection(SolutionProperties) = preSolution
		HideSolutionNode = FALSE
	EndGlobalSection
EndGlobal
